// !$*UTF8*$!
{
	archiveVersion = 1;
	classes = {
	};
	objectVersion = 46;
	objects = {

/* Begin PBXBuildFile section */
		9926C6261D361E60005C3DC1 /* DetailViewController.swift in Sources */ = {isa = PBXBuildFile; fileRef = 9926C6251D361E60005C3DC1 /* DetailViewController.swift */; };
		9926C6281D362001005C3DC1 /* MainPageViewController.swift in Sources */ = {isa = PBXBuildFile; fileRef = 9926C6271D362001005C3DC1 /* MainPageViewController.swift */; };
		9984783C1D9CB465005575DC /* orange.png in Resources */ = {isa = PBXBuildFile; fileRef = 998478371D9CB465005575DC /* orange.png */; };
		9984783D1D9CB465005575DC /* banana.png in Resources */ = {isa = PBXBuildFile; fileRef = 998478381D9CB465005575DC /* banana.png */; };
		9984783E1D9CB465005575DC /* melon.png in Resources */ = {isa = PBXBuildFile; fileRef = 998478391D9CB465005575DC /* melon.png */; };
		9984783F1D9CB465005575DC /* lemon.png in Resources */ = {isa = PBXBuildFile; fileRef = 9984783A1D9CB465005575DC /* lemon.png */; };
		998478401D9CB465005575DC /* apple.png in Resources */ = {isa = PBXBuildFile; fileRef = 9984783B1D9CB465005575DC /* apple.png */; };
		99FE3A6D1D36006F00D1E1D6 /* AppDelegate.swift in Sources */ = {isa = PBXBuildFile; fileRef = 99FE3A6C1D36006F00D1E1D6 /* AppDelegate.swift */; };
		99FE3A801D36010800D1E1D6 /* ModelList.swift in Sources */ = {isa = PBXBuildFile; fileRef = 99FE3A7E1D36010800D1E1D6 /* ModelList.swift */; };
		99FE3A811D36010800D1E1D6 /* ModelDetail.swift in Sources */ = {isa = PBXBuildFile; fileRef = 99FE3A7F1D36010800D1E1D6 /* ModelDetail.swift */; };
		99FE3A831D36016900D1E1D6 /* MainViewController.swift in Sources */ = {isa = PBXBuildFile; fileRef = 99FE3A821D36016900D1E1D6 /* MainViewController.swift */; };
		99FE3A851D36019800D1E1D6 /* NavigationTableViewController.swift in Sources */ = {isa = PBXBuildFile; fileRef = 99FE3A841D36019800D1E1D6 /* NavigationTableViewController.swift */; };
/* End PBXBuildFile section */

/* Begin PBXFileReference section */
		9926C6251D361E60005C3DC1 /* DetailViewController.swift */ = {isa = PBXFileReference; fileEncoding = 4; lastKnownFileType = sourcecode.swift; path = DetailViewController.swift; sourceTree = "<group>"; };
		9926C6271D362001005C3DC1 /* MainPageViewController.swift */ = {isa = PBXFileReference; fileEncoding = 4; lastKnownFileType = sourcecode.swift; path = MainPageViewController.swift; sourceTree = "<group>"; };
		998478371D9CB465005575DC /* orange.png */ = {isa = PBXFileReference; lastKnownFileType = image.png; path = orange.png; sourceTree = "<group>"; };
		998478381D9CB465005575DC /* banana.png */ = {isa = PBXFileReference; lastKnownFileType = image.png; path = banana.png; sourceTree = "<group>"; };
		998478391D9CB465005575DC /* melon.png */ = {isa = PBXFileReference; lastKnownFileType = image.png; path = melon.png; sourceTree = "<group>"; };
		9984783A1D9CB465005575DC /* lemon.png */ = {isa = PBXFileReference; lastKnownFileType = image.png; path = lemon.png; sourceTree = "<group>"; };
		9984783B1D9CB465005575DC /* apple.png */ = {isa = PBXFileReference; lastKnownFileType = image.png; path = apple.png; sourceTree = "<group>"; };
		99FE3A691D36006F00D1E1D6 /* smartview-swift.app */ = {isa = PBXFileReference; explicitFileType = wrapper.application; includeInIndex = 0; path = "smartview-swift.app"; sourceTree = BUILT_PRODUCTS_DIR; };
		99FE3A6C1D36006F00D1E1D6 /* AppDelegate.swift */ = {isa = PBXFileReference; lastKnownFileType = sourcecode.swift; path = AppDelegate.swift; sourceTree = "<group>"; };
		99FE3A781D36006F00D1E1D6 /* Info.plist */ = {isa = PBXFileReference; lastKnownFileType = text.plist.xml; path = Info.plist; sourceTree = "<group>"; };
		99FE3A7E1D36010800D1E1D6 /* ModelList.swift */ = {isa = PBXFileReference; fileEncoding = 4; lastKnownFileType = sourcecode.swift; path = ModelList.swift; sourceTree = "<group>"; };
		99FE3A7F1D36010800D1E1D6 /* ModelDetail.swift */ = {isa = PBXFileReference; fileEncoding = 4; lastKnownFileType = sourcecode.swift; path = ModelDetail.swift; sourceTree = "<group>"; };
		99FE3A821D36016900D1E1D6 /* MainViewController.swift */ = {isa = PBXFileReference; fileEncoding = 4; lastKnownFileType = sourcecode.swift; path = MainViewController.swift; sourceTree = "<group>"; };
		99FE3A841D36019800D1E1D6 /* NavigationTableViewController.swift */ = {isa = PBXFileReference; fileEncoding = 4; lastKnownFileType = sourcecode.swift; path = NavigationTableViewController.swift; sourceTree = "<group>"; };
/* End PBXFileReference section */

/* Begin PBXFrameworksBuildPhase section */
		99FE3A661D36006F00D1E1D6 /* Frameworks */ = {
			isa = PBXFrameworksBuildPhase;
			buildActionMask = 2147483647;
			files = (
			);
			runOnlyForDeploymentPostprocessing = 0;
		};
/* End PBXFrameworksBuildPhase section */

/* Begin PBXGroup section */
		998478411D9CB498005575DC /* img */ = {
			isa = PBXGroup;
			children = (
				998478371D9CB465005575DC /* orange.png */,
				998478381D9CB465005575DC /* banana.png */,
				998478391D9CB465005575DC /* melon.png */,
				9984783A1D9CB465005575DC /* lemon.png */,
				9984783B1D9CB465005575DC /* apple.png */,
			);
			name = img;
			sourceTree = "<group>";
		};
		998478421D9CB4A8005575DC /* model */ = {
			isa = PBXGroup;
			children = (
				99FE3A7F1D36010800D1E1D6 /* ModelDetail.swift */,
				99FE3A7E1D36010800D1E1D6 /* ModelList.swift */,
			);
			name = model;
			sourceTree = "<group>";
		};
		99FE3A601D36006F00D1E1D6 = {
			isa = PBXGroup;
			children = (
				99FE3A6B1D36006F00D1E1D6 /* smartview-swift */,
				99FE3A6A1D36006F00D1E1D6 /* Products */,
			);
			sourceTree = "<group>";
		};
		99FE3A6A1D36006F00D1E1D6 /* Products */ = {
			isa = PBXGroup;
			children = (
				99FE3A691D36006F00D1E1D6 /* smartview-swift.app */,
			);
			name = Products;
			sourceTree = "<group>";
		};
		99FE3A6B1D36006F00D1E1D6 /* smartview-swift */ = {
			isa = PBXGroup;
			children = (
				998478421D9CB4A8005575DC /* model */,
				998478411D9CB498005575DC /* img */,
				9926C6251D361E60005C3DC1 /* DetailViewController.swift */,
				99FE3A6C1D36006F00D1E1D6 /* AppDelegate.swift */,
				99FE3A821D36016900D1E1D6 /* MainViewController.swift */,
				99FE3A841D36019800D1E1D6 /* NavigationTableViewController.swift */,
				9926C6271D362001005C3DC1 /* MainPageViewController.swift */,
				99FE3A781D36006F00D1E1D6 /* Info.plist */,
			);
			path = "smartview-swift";
			sourceTree = "<group>";
		};
/* End PBXGroup section */

/* Begin PBXNativeTarget section */
		99FE3A681D36006F00D1E1D6 /* smartview-swift */ = {
			isa = PBXNativeTarget;
			buildConfigurationList = 99FE3A7B1D36006F00D1E1D6 /* Build configuration list for PBXNativeTarget "smartview-swift" */;
			buildPhases = (
				99FE3A651D36006F00D1E1D6 /* Sources */,
				99FE3A661D36006F00D1E1D6 /* Frameworks */,
				99FE3A671D36006F00D1E1D6 /* Resources */,
			);
			buildRules = (
			);
			dependencies = (
			);
			name = "smartview-swift";
			productName = "smartview-swift";
			productReference = 99FE3A691D36006F00D1E1D6 /* smartview-swift.app */;
			productType = "com.apple.product-type.application";
		};
/* End PBXNativeTarget section */

/* Begin PBXProject section */
		99FE3A611D36006F00D1E1D6 /* Project object */ = {
			isa = PBXProject;
			attributes = {
				LastSwiftUpdateCheck = 0730;
				LastUpgradeCheck = 0730;
				ORGANIZATIONNAME = "shino-g";
				TargetAttributes = {
					99FE3A681D36006F00D1E1D6 = {
						CreatedOnToolsVersion = 7.3.1;
					};
				};
			};
			buildConfigurationList = 99FE3A641D36006F00D1E1D6 /* Build configuration list for PBXProject "smartview-swift" */;
			compatibilityVersion = "Xcode 3.2";
			developmentRegion = English;
			hasScannedForEncodings = 0;
			knownRegions = (
				en,
				Base,
			);
			mainGroup = 99FE3A601D36006F00D1E1D6;
			productRefGroup = 99FE3A6A1D36006F00D1E1D6 /* Products */;
			projectDirPath = "";
			projectRoot = "";
			targets = (
				99FE3A681D36006F00D1E1D6 /* smartview-swift */,
			);
		};
/* End PBXProject section */

/* Begin PBXResourcesBuildPhase section */
		99FE3A671D36006F00D1E1D6 /* Resources */ = {
			isa = PBXResourcesBuildPhase;
			buildActionMask = 2147483647;
			files = (
				9984783C1D9CB465005575DC /* orange.png in Resources */,
				9984783F1D9CB465005575DC /* lemon.png in Resources */,
				9984783D1D9CB465005575DC /* banana.png in Resources */,
				998478401D9CB465005575DC /* apple.png in Resources */,
				9984783E1D9CB465005575DC /* melon.png in Resources */,
			);
			runOnlyForDeploymentPostprocessing = 0;
		};
/* End PBXResourcesBuildPhase section */

/* Begin PBXSourcesBuildPhase section */
		99FE3A651D36006F00D1E1D6 /* Sources */ = {
			isa = PBXSourcesBuildPhase;
			buildActionMask = 2147483647;
			files = (
				9926C6281D362001005C3DC1 /* MainPageViewController.swift in Sources */,
				99FE3A811D36010800D1E1D6 /* ModelDetail.swift in Sources */,
				99FE3A801D36010800D1E1D6 /* ModelList.swift in Sources */,
				99FE3A6D1D36006F00D1E1D6 /* AppDelegate.swift in Sources */,
				99FE3A851D36019800D1E1D6 /* NavigationTableViewController.swift in Sources */,
				99FE3A831D36016900D1E1D6 /* MainViewController.swift in Sources */,
				9926C6261D361E60005C3DC1 /* DetailViewController.swift in Sources */,
			);
			runOnlyForDeploymentPostprocessing = 0;
		};
/* End PBXSourcesBuildPhase section */

/* Begin XCBuildConfiguration section */
		99FE3A791D36006F00D1E1D6 /* Debug */ = {
			isa = XCBuildConfiguration;
			buildSettings = {
				ALWAYS_SEARCH_USER_PATHS = NO;
				CLANG_ANALYZER_NONNULL = YES;
				CLANG_CXX_LANGUAGE_STANDARD = "gnu++0x";
				CLANG_CXX_LIBRARY = "libc++";
				CLANG_ENABLE_MODULES = YES;
				CLANG_ENABLE_OBJC_ARC = YES;
				CLANG_WARN_BOOL_CONVERSION = YES;
				CLANG_WARN_CONSTANT_CONVERSION = YES;
				CLANG_WARN_DIRECT_OBJC_ISA_USAGE = YES_ERROR;
				CLANG_WARN_EMPTY_BODY = YES;
				CLANG_WARN_ENUM_CONVERSION = YES;
				CLANG_WARN_INT_CONVERSION = YES;
				CLANG_WARN_OBJC_ROOT_CLASS = YES_ERROR;
				CLANG_WARN_UNREACHABLE_CODE = YES;
				CLANG_WARN__DUPLICATE_METHOD_MATCH = YES;
				"CODE_SIGN_IDENTITY[sdk=iphoneos*]" = "iPhone Developer";
				COPY_PHASE_STRIP = NO;
				DEBUG_INFORMATION_FORMAT = dwarf;
				ENABLE_STRICT_OBJC_MSGSEND = YES;
				ENABLE_TESTABILITY = YES;
				GCC_C_LANGUAGE_STANDARD = gnu99;
				GCC_DYNAMIC_NO_PIC = NO;
				GCC_NO_COMMON_BLOCKS = YES;
				GCC_OPTIMIZATION_LEVEL = 0;
				GCC_PREPROCESSOR_DEFINITIONS = (
					"DEBUG=1",
					"$(inherited)",
				);
				GCC_WARN_64_TO_32_BIT_CONVERSION = YES;
				GCC_WARN_ABOUT_RETURN_TYPE = YES_ERROR;
				GCC_WARN_UNDECLARED_SELECTOR = YES;
				GCC_WARN_UNINITIALIZED_AUTOS = YES_AGGRESSIVE;
				GCC_WARN_UNUSED_FUNCTION = YES;
				GCC_WARN_UNUSED_VARIABLE = YES;
				IPHONEOS_DEPLOYMENT_TARGET = 9.3;
				MTL_ENABLE_DEBUG_INFO = YES;
				ONLY_ACTIVE_ARCH = YES;
				SDKROOT = iphoneos;
				SWIFT_OPTIMIZATION_LEVEL = "-Onone";
				TARGETED_DEVICE_FAMILY = "1,2";
			};
			name = Debug;
		};
		99FE3A7A1D36006F00D1E1D6 /* Release */ = {
			isa = XCBuildConfiguration;
			buildSettings = {
				ALWAYS_SEARCH_USER_PATHS = NO;
				CLANG_ANALYZER_NONNULL = YES;
				CLANG_CXX_LANGUAGE_STANDARD = "gnu++0x";
				CLANG_CXX_LIBRARY = "libc++";
				CLANG_ENABLE_MODULES = YES;
				CLANG_ENABLE_OBJC_ARC = YES;
				CLANG_WARN_BOOL_CONVERSION = YES;
				CLANG_WARN_CONSTANT_CONVERSION = YES;
				CLANG_WARN_DIRECT_OBJC_ISA_USAGE = YES_ERROR;
				CLANG_WARN_EMPTY_BODY = YES;
				CLANG_WARN_ENUM_CONVERSION = YES;
				CLANG_WARN_INT_CONVERSION = YES;
				CLANG_WARN_OBJC_ROOT_CLASS = YES_ERROR;
				CLANG_WARN_UNREACHABLE_CODE = YES;
				CLANG_WARN__DUPLICATE_METHOD_MATCH = YES;
				"CODE_SIGN_IDENTITY[sdk=iphoneos*]" = "iPhone Developer";
				COPY_PHASE_STRIP = NO;
				DEBUG_INFORMATION_FORMAT = "dwarf-with-dsym";
				ENABLE_NS_ASSERTIONS = NO;
				ENABLE_STRICT_OBJC_MSGSEND = YES;
				GCC_C_LANGUAGE_STANDARD = gnu99;
				GCC_NO_COMMON_BLOCKS = YES;
				GCC_WARN_64_TO_32_BIT_CONVERSION = YES;
				GCC_WARN_ABOUT_RETURN_TYPE = YES_ERROR;
				GCC_WARN_UNDECLARED_SELECTOR = YES;
				GCC_WARN_UNINITIALIZED_AUTOS = YES_AGGRESSIVE;
				GCC_WARN_UNUSED_FUNCTION = YES;
				GCC_WARN_UNUSED_VARIABLE = YES;
				IPHONEOS_DEPLOYMENT_TARGET = 9.3;
				MTL_ENABLE_DEBUG_INFO = NO;
				SDKROOT = iphoneos;
				TARGETED_DEVICE_FAMILY = "1,2";
				VALIDATE_PRODUCT = YES;
			};
			name = Release;
		};
		99FE3A7C1D36006F00D1E1D6 /* Debug */ = {
			isa = XCBuildConfiguration;
			buildSettings = {
				INFOPLIST_FILE = "smartview-swift/Info.plist";
				LD_RUNPATH_SEARCH_PATHS = "$(inherited) @executable_path/Frameworks";
				PRODUCT_BUNDLE_IDENTIFIER = "jp.co.shino-g.smartview-swift";
				PRODUCT_NAME = "$(TARGET_NAME)";
			};
			name = Debug;
		};
		99FE3A7D1D36006F00D1E1D6 /* Release */ = {
			isa = XCBuildConfiguration;
			buildSettings = {
				INFOPLIST_FILE = "smartview-swift/Info.plist";
				LD_RUNPATH_SEARCH_PATHS = "$(inherited) @executable_path/Frameworks";
				PRODUCT_BUNDLE_IDENTIFIER = "jp.co.shino-g.smartview-swift";
				PRODUCT_NAME = "$(TARGET_NAME)";
			};
			name = Release;
		};
/* End XCBuildConfiguration section */

/* Begin XCConfigurationList section */
		99FE3A641D36006F00D1E1D6 /* Build configuration list for PBXProject "smartview-swift" */ = {
			isa = XCConfigurationList;
			buildConfigurations = (
				99FE3A791D36006F00D1E1D6 /* Debug */,
				99FE3A7A1D36006F00D1E1D6 /* Release */,
			);
			defaultConfigurationIsVisible = 0;
			defaultConfigurationName = Release;
		};
		99FE3A7B1D36006F00D1E1D6 /* Build configuration list for PBXNativeTarget "smartview-swift" */ = {
			isa = XCConfigurationList;
			buildConfigurations = (
				99FE3A7C1D36006F00D1E1D6 /* Debug */,
				99FE3A7D1D36006F00D1E1D6 /* Release */,
			);
			defaultConfigurationIsVisible = 0;
			defaultConfigurationName = Release;
		};
/* End XCConfigurationList section */
	};
	rootObject = 99FE3A611D36006F00D1E1D6 /* Project object */;
}
